
Microsoft Visual Studio Solution File, Format Version 12.00
# Visual Studio Version 17
VisualStudioVersion = 17.2.32630.192
MinimumVisualStudioVersion = 10.0.40219.1
Project("{2150E333-8FDC-42A3-9474-1A3956D46DE8}") = "01. Core", "01. Core", "{47EE9FFC-B176-4ABA-85FE-575E5D3BA4BD}"
EndProject
Project("{2150E333-8FDC-42A3-9474-1A3956D46DE8}") = "02. Desktop", "02. Desktop", "{8A0F8F14-7D41-4D2A-B3A3-DFCBABDE9B43}"
EndProject
Project("{9A19103F-16F7-4668-BE54-9A1E7A4F7556}") = "ProjectIndiaCharlie.Core", "ProjectIndiaCharlie.Core\ProjectIndiaCharlie.Core.csproj", "{39AE50FD-32CE-4591-87C1-DD958C5D74D9}"
EndProject
Project("{9A19103F-16F7-4668-BE54-9A1E7A4F7556}") = "ProjectIndiaCharlie.Desktop", "ProjectIndiaCharlie.Desktop\ProjectIndiaCharlie.Desktop.csproj", "{A15834A6-FDD7-40C3-8571-6042CEF723C5}"
EndProject
Project("{2150E333-8FDC-42A3-9474-1A3956D46DE8}") = "03. Web", "03. Web", "{C6450A8B-0FC3-4F72-87CF-E2AAD652968F}"
EndProject
Project("{9A19103F-16F7-4668-BE54-9A1E7A4F7556}") = "ProjectIndiaCharlie.Web", "ProjectIndiaCharlie.Web\ProjectIndiaCharlie.Web.csproj", "{DFEEBF54-1A0B-4008-BAFD-DB0CF3F4D591}"
EndProject
Project("{2150E333-8FDC-42A3-9474-1A3956D46DE8}") = "04.WebAdministrator", "04.WebAdministrator", "{DB4F8A96-72B3-4DAB-9B71-F7BD5254DF8D}"
EndProject
Project("{9A19103F-16F7-4668-BE54-9A1E7A4F7556}") = "ProjectIndiaCharlie.WebAdministrator", "ProjectIndiaCharlie.WebAdministrator\ProjectIndiaCharlie.WebAdministrator.csproj", "{D09C48B0-D013-4CDB-A3A9-ECD6E248BDF9}"
EndProject
Project("{2150E333-8FDC-42A3-9474-1A3956D46DE8}") = "Service", "Service", "{22644AE8-5C24-43C1-BB0B-7BD436E6D77B}"
EndProject
Project("{2150E333-8FDC-42A3-9474-1A3956D46DE8}") = "05. Mobile", "05. Mobile", "{7A39F0BF-8CB5-4A4F-993A-8A6CDA1F0A95}"
EndProject
Project("{FAE04EC0-301F-11D3-BF4B-00C04F79EFBC}") = "ProjectIndiaCharlie.Mobile", "ProjectIndiaCharlie.Mobile\ProjectIndiaCharlie.Mobile.csproj", "{1A883E3D-0FB3-4393-81DC-0C91D06CA964}"
EndProject
Global
	GlobalSection(SolutionConfigurationPlatforms) = preSolution
		Debug|Any CPU = Debug|Any CPU
		Release|Any CPU = Release|Any CPU
	EndGlobalSection
	GlobalSection(ProjectConfigurationPlatforms) = postSolution
		{39AE50FD-32CE-4591-87C1-DD958C5D74D9}.Debug|Any CPU.ActiveCfg = Debug|Any CPU
		{39AE50FD-32CE-4591-87C1-DD958C5D74D9}.Debug|Any CPU.Build.0 = Debug|Any CPU
		{39AE50FD-32CE-4591-87C1-DD958C5D74D9}.Release|Any CPU.ActiveCfg = Release|Any CPU
		{39AE50FD-32CE-4591-87C1-DD958C5D74D9}.Release|Any CPU.Build.0 = Release|Any CPU
		{A15834A6-FDD7-40C3-8571-6042CEF723C5}.Debug|Any CPU.ActiveCfg = Debug|Any CPU
		{A15834A6-FDD7-40C3-8571-6042CEF723C5}.Debug|Any CPU.Build.0 = Debug|Any CPU
		{A15834A6-FDD7-40C3-8571-6042CEF723C5}.Release|Any CPU.ActiveCfg = Release|Any CPU
		{A15834A6-FDD7-40C3-8571-6042CEF723C5}.Release|Any CPU.Build.0 = Release|Any CPU
		{DFEEBF54-1A0B-4008-BAFD-DB0CF3F4D591}.Debug|Any CPU.ActiveCfg = Debug|Any CPU
		{DFEEBF54-1A0B-4008-BAFD-DB0CF3F4D591}.Debug|Any CPU.Build.0 = Debug|Any CPU
		{DFEEBF54-1A0B-4008-BAFD-DB0CF3F4D591}.Release|Any CPU.ActiveCfg = Release|Any CPU
		{DFEEBF54-1A0B-4008-BAFD-DB0CF3F4D591}.Release|Any CPU.Build.0 = Release|Any CPU
		{D09C48B0-D013-4CDB-A3A9-ECD6E248BDF9}.Debug|Any CPU.ActiveCfg = Debug|Any CPU
		{D09C48B0-D013-4CDB-A3A9-ECD6E248BDF9}.Debug|Any CPU.Build.0 = Debug|Any CPU
		{D09C48B0-D013-4CDB-A3A9-ECD6E248BDF9}.Release|Any CPU.ActiveCfg = Release|Any CPU
		{D09C48B0-D013-4CDB-A3A9-ECD6E248BDF9}.Release|Any CPU.Build.0 = Release|Any CPU
		{1A883E3D-0FB3-4393-81DC-0C91D06CA964}.Debug|Any CPU.ActiveCfg = Debug|Any CPU
		{1A883E3D-0FB3-4393-81DC-0C91D06CA964}.Debug|Any CPU.Build.0 = Debug|Any CPU
		{1A883E3D-0FB3-4393-81DC-0C91D06CA964}.Debug|Any CPU.Deploy.0 = Debug|Any CPU
		{1A883E3D-0FB3-4393-81DC-0C91D06CA964}.Release|Any CPU.ActiveCfg = Release|Any CPU
		{1A883E3D-0FB3-4393-81DC-0C91D06CA964}.Release|Any CPU.Build.0 = Release|Any CPU
		{1A883E3D-0FB3-4393-81DC-0C91D06CA964}.Release|Any CPU.Deploy.0 = Release|Any CPU
	EndGlobalSection
	GlobalSection(SolutionProperties) = preSolution
		HideSolutionNode = FALSE
	EndGlobalSection
	GlobalSection(NestedProjects) = preSolution
		{39AE50FD-32CE-4591-87C1-DD958C5D74D9} = {47EE9FFC-B176-4ABA-85FE-575E5D3BA4BD}
		{A15834A6-FDD7-40C3-8571-6042CEF723C5} = {8A0F8F14-7D41-4D2A-B3A3-DFCBABDE9B43}
		{DFEEBF54-1A0B-4008-BAFD-DB0CF3F4D591} = {C6450A8B-0FC3-4F72-87CF-E2AAD652968F}
		{D09C48B0-D013-4CDB-A3A9-ECD6E248BDF9} = {DB4F8A96-72B3-4DAB-9B71-F7BD5254DF8D}
		{22644AE8-5C24-43C1-BB0B-7BD436E6D77B} = {DB4F8A96-72B3-4DAB-9B71-F7BD5254DF8D}
		{1A883E3D-0FB3-4393-81DC-0C91D06CA964} = {7A39F0BF-8CB5-4A4F-993A-8A6CDA1F0A95}
	EndGlobalSection
	GlobalSection(ExtensibilityGlobals) = postSolution
		SolutionGuid = {6DE168EE-3680-4C5C-B803-B02F95EA9696}
	EndGlobalSection
EndGlobal
